// !$*UTF8*$!
{
	archiveVersion = 1;
	classes = {
	};
	objectVersion = 56;
	objects = {

/* Begin PBXBuildFile section */
		6C26DC752BEB5F670007B86A /* AppDelegate.swift in Sources */ = {isa = PBXBuildFile; fileRef = 6C26DC742BEB5F670007B86A /* AppDelegate.swift */; };
		6C26DC772BEB5F670007B86A /* SceneDelegate.swift in Sources */ = {isa = PBXBuildFile; fileRef = 6C26DC762BEB5F670007B86A /* SceneDelegate.swift */; };
		6C26DC792BEB5F670007B86A /* ViewController.swift in Sources */ = {isa = PBXBuildFile; fileRef = 6C26DC782BEB5F670007B86A /* ViewController.swift */; };
		6C26DC7C2BEB5F670007B86A /* Base in Resources */ = {isa = PBXBuildFile; fileRef = 6C26DC7B2BEB5F670007B86A /* Base */; };
		6C26DC7E2BEB5F680007B86A /* Assets.xcassets in Resources */ = {isa = PBXBuildFile; fileRef = 6C26DC7D2BEB5F680007B86A /* Assets.xcassets */; };
		6C26DC812BEB5F680007B86A /* Base in Resources */ = {isa = PBXBuildFile; fileRef = 6C26DC802BEB5F680007B86A /* Base */; };
		6C26DC8A2BEB5FDC0007B86A /* MovieProvider.swift in Sources */ = {isa = PBXBuildFile; fileRef = 6C26DC892BEB5FDC0007B86A /* MovieProvider.swift */; };
		6C26DC8C2BEB5FEE0007B86A /* MovieResponse.swift in Sources */ = {isa = PBXBuildFile; fileRef = 6C26DC8B2BEB5FEE0007B86A /* MovieResponse.swift */; };
		6C26DC912BEB6D390007B86A /* ItemsTVC.swift in Sources */ = {isa = PBXBuildFile; fileRef = 6C26DC902BEB6D390007B86A /* ItemsTVC.swift */; };
		6C26DC942BEB6E090007B86A /* ImageViewExtensions.swift in Sources */ = {isa = PBXBuildFile; fileRef = 6C26DC932BEB6E090007B86A /* ImageViewExtensions.swift */; };
		6CEAD4122BEB7C7700258E8C /* MovieDetailVC.swift in Sources */ = {isa = PBXBuildFile; fileRef = 6CEAD4112BEB7C7700258E8C /* MovieDetailVC.swift */; };
/* End PBXBuildFile section */

/* Begin PBXFileReference section */
		6C26DC712BEB5F670007B86A /* MovieSearchApp.app */ = {isa = PBXFileReference; explicitFileType = wrapper.application; includeInIndex = 0; path = MovieSearchApp.app; sourceTree = BUILT_PRODUCTS_DIR; };
		6C26DC742BEB5F670007B86A /* AppDelegate.swift */ = {isa = PBXFileReference; lastKnownFileType = sourcecode.swift; path = AppDelegate.swift; sourceTree = "<group>"; };
		6C26DC762BEB5F670007B86A /* SceneDelegate.swift */ = {isa = PBXFileReference; lastKnownFileType = sourcecode.swift; path = SceneDelegate.swift; sourceTree = "<group>"; };
		6C26DC782BEB5F670007B86A /* ViewController.swift */ = {isa = PBXFileReference; lastKnownFileType = sourcecode.swift; path = ViewController.swift; sourceTree = "<group>"; };
		6C26DC7B2BEB5F670007B86A /* Base */ = {isa = PBXFileReference; lastKnownFileType = file.storyboard; name = Base; path = Base.lproj/Main.storyboard; sourceTree = "<group>"; };
		6C26DC7D2BEB5F680007B86A /* Assets.xcassets */ = {isa = PBXFileReference; lastKnownFileType = folder.assetcatalog; path = Assets.xcassets; sourceTree = "<group>"; };
		6C26DC802BEB5F680007B86A /* Base */ = {isa = PBXFileReference; lastKnownFileType = file.storyboard; name = Base; path = Base.lproj/LaunchScreen.storyboard; sourceTree = "<group>"; };
		6C26DC822BEB5F680007B86A /* Info.plist */ = {isa = PBXFileReference; lastKnownFileType = text.plist.xml; path = Info.plist; sourceTree = "<group>"; };
		6C26DC892BEB5FDC0007B86A /* MovieProvider.swift */ = {isa = PBXFileReference; lastKnownFileType = sourcecode.swift; path = MovieProvider.swift; sourceTree = "<group>"; };
		6C26DC8B2BEB5FEE0007B86A /* MovieResponse.swift */ = {isa = PBXFileReference; lastKnownFileType = sourcecode.swift; path = MovieResponse.swift; sourceTree = "<group>"; };
		6C26DC902BEB6D390007B86A /* ItemsTVC.swift */ = {isa = PBXFileReference; lastKnownFileType = sourcecode.swift; path = ItemsTVC.swift; sourceTree = "<group>"; };
		6C26DC932BEB6E090007B86A /* ImageViewExtensions.swift */ = {isa = PBXFileReference; lastKnownFileType = sourcecode.swift; path = ImageViewExtensions.swift; sourceTree = "<group>"; };
		6CEAD4112BEB7C7700258E8C /* MovieDetailVC.swift */ = {isa = PBXFileReference; lastKnownFileType = sourcecode.swift; path = MovieDetailVC.swift; sourceTree = "<group>"; };
/* End PBXFileReference section */

/* Begin PBXFrameworksBuildPhase section */
		6C26DC6E2BEB5F670007B86A /* Frameworks */ = {
			isa = PBXFrameworksBuildPhase;
			buildActionMask = 2147483647;
			files = (
			);
			runOnlyForDeploymentPostprocessing = 0;
		};
/* End PBXFrameworksBuildPhase section */

/* Begin PBXGroup section */
		6C26DC682BEB5F670007B86A = {
			isa = PBXGroup;
			children = (
				6C26DC732BEB5F670007B86A /* MovieSearchApp */,
				6C26DC722BEB5F670007B86A /* Products */,
			);
			sourceTree = "<group>";
		};
		6C26DC722BEB5F670007B86A /* Products */ = {
			isa = PBXGroup;
			children = (
				6C26DC712BEB5F670007B86A /* MovieSearchApp.app */,
			);
			name = Products;
			sourceTree = "<group>";
		};
		6C26DC732BEB5F670007B86A /* MovieSearchApp */ = {
			isa = PBXGroup;
			children = (
				6C26DC922BEB6DF90007B86A /* Utils */,
				6C26DC8F2BEB6D1C0007B86A /* ViewCells */,
				6C26DC8E2BEB69910007B86A /* Views */,
				6C26DC8D2BEB69870007B86A /* ViewControllers */,
				6C26DC882BEB5FCA0007B86A /* Data */,
				6C26DC742BEB5F670007B86A /* AppDelegate.swift */,
				6C26DC762BEB5F670007B86A /* SceneDelegate.swift */,
				6C26DC7D2BEB5F680007B86A /* Assets.xcassets */,
				6C26DC822BEB5F680007B86A /* Info.plist */,
			);
			path = MovieSearchApp;
			sourceTree = "<group>";
		};
		6C26DC882BEB5FCA0007B86A /* Data */ = {
			isa = PBXGroup;
			children = (
				6C26DC892BEB5FDC0007B86A /* MovieProvider.swift */,
				6C26DC8B2BEB5FEE0007B86A /* MovieResponse.swift */,
			);
			path = Data;
			sourceTree = "<group>";
		};
		6C26DC8D2BEB69870007B86A /* ViewControllers */ = {
			isa = PBXGroup;
			children = (
				6C26DC782BEB5F670007B86A /* ViewController.swift */,
				6CEAD4112BEB7C7700258E8C /* MovieDetailVC.swift */,
			);
			path = ViewControllers;
			sourceTree = "<group>";
		};
		6C26DC8E2BEB69910007B86A /* Views */ = {
			isa = PBXGroup;
			children = (
				6C26DC7F2BEB5F680007B86A /* LaunchScreen.storyboard */,
				6C26DC7A2BEB5F670007B86A /* Main.storyboard */,
			);
			path = Views;
			sourceTree = "<group>";
		};
		6C26DC8F2BEB6D1C0007B86A /* ViewCells */ = {
			isa = PBXGroup;
			children = (
				6C26DC902BEB6D390007B86A /* ItemsTVC.swift */,
			);
			path = ViewCells;
			sourceTree = "<group>";
		};
		6C26DC922BEB6DF90007B86A /* Utils */ = {
			isa = PBXGroup;
			children = (
				6C26DC932BEB6E090007B86A /* ImageViewExtensions.swift */,
			);
			path = Utils;
			sourceTree = "<group>";
		};
/* End PBXGroup section */

/* Begin PBXNativeTarget section */
		6C26DC702BEB5F670007B86A /* MovieSearchApp */ = {
			isa = PBXNativeTarget;
			buildConfigurationList = 6C26DC852BEB5F680007B86A /* Build configuration list for PBXNativeTarget "MovieSearchApp" */;
			buildPhases = (
				6C26DC6D2BEB5F670007B86A /* Sources */,
				6C26DC6E2BEB5F670007B86A /* Frameworks */,
				6C26DC6F2BEB5F670007B86A /* Resources */,
			);
			buildRules = (
			);
			dependencies = (
			);
			name = MovieSearchApp;
			productName = MovieSearchApp;
			productReference = 6C26DC712BEB5F670007B86A /* MovieSearchApp.app */;
			productType = "com.apple.product-type.application";
		};
/* End PBXNativeTarget section */

/* Begin PBXProject section */
		6C26DC692BEB5F670007B86A /* Project object */ = {
			isa = PBXProject;
			attributes = {
				BuildIndependentTargetsInParallel = 1;
				LastSwiftUpdateCheck = 1530;
				LastUpgradeCheck = 1530;
				TargetAttributes = {
					6C26DC702BEB5F670007B86A = {
						CreatedOnToolsVersion = 15.3;
					};
				};
			};
			buildConfigurationList = 6C26DC6C2BEB5F670007B86A /* Build configuration list for PBXProject "MovieSearchApp" */;
			compatibilityVersion = "Xcode 14.0";
			developmentRegion = en;
			hasScannedForEncodings = 0;
			knownRegions = (
				en,
				Base,
			);
			mainGroup = 6C26DC682BEB5F670007B86A;
			productRefGroup = 6C26DC722BEB5F670007B86A /* Products */;
			projectDirPath = "";
			projectRoot = "";
			targets = (
				6C26DC702BEB5F670007B86A /* MovieSearchApp */,
			);
		};
/* End PBXProject section */

/* Begin PBXResourcesBuildPhase section */
		6C26DC6F2BEB5F670007B86A /* Resources */ = {
			isa = PBXResourcesBuildPhase;
			buildActionMask = 2147483647;
			files = (
				6C26DC7E2BEB5F680007B86A /* Assets.xcassets in Resources */,
				6C26DC812BEB5F680007B86A /* Base in Resources */,
				6C26DC7C2BEB5F670007B86A /* Base in Resources */,
			);
			runOnlyForDeploymentPostprocessing = 0;
		};
/* End PBXResourcesBuildPhase section */

/* Begin PBXSourcesBuildPhase section */
		6C26DC6D2BEB5F670007B86A /* Sources */ = {
			isa = PBXSourcesBuildPhase;
			buildActionMask = 2147483647;
			files = (
				6C26DC792BEB5F670007B86A /* ViewController.swift in Sources */,
				6C26DC8C2BEB5FEE0007B86A /* MovieResponse.swift in Sources */,
				6CEAD4122BEB7C7700258E8C /* MovieDetailVC.swift in Sources */,
				6C26DC912BEB6D390007B86A /* ItemsTVC.swift in Sources */,
				6C26DC8A2BEB5FDC0007B86A /* MovieProvider.swift in Sources */,
				6C26DC752BEB5F670007B86A /* AppDelegate.swift in Sources */,
				6C26DC772BEB5F670007B86A /* SceneDelegate.swift in Sources */,
				6C26DC942BEB6E090007B86A /* ImageViewExtensions.swift in Sources */,
			);
			runOnlyForDeploymentPostprocessing = 0;
		};
/* End PBXSourcesBuildPhase section */

/* Begin PBXVariantGroup section */
		6C26DC7A2BEB5F670007B86A /* Main.storyboard */ = {
			isa = PBXVariantGroup;
			children = (
				6C26DC7B2BEB5F670007B86A /* Base */,
			);
			name = Main.storyboard;
			sourceTree = "<group>";
		};
		6C26DC7F2BEB5F680007B86A /* LaunchScreen.storyboard */ = {
			isa = PBXVariantGroup;
			children = (
				6C26DC802BEB5F680007B86A /* Base */,
			);
			name = LaunchScreen.storyboard;
			sourceTree = "<group>";
		};
/* End PBXVariantGroup section */

/* Begin XCBuildConfiguration section */
		6C26DC832BEB5F680007B86A /* Debug */ = {
			isa = XCBuildConfiguration;
			buildSettings = {
				ALWAYS_SEARCH_USER_PATHS = NO;
				ASSETCATALOG_COMPILER_GENERATE_SWIFT_ASSET_SYMBOL_EXTENSIONS = YES;
				CLANG_ANALYZER_NONNULL = YES;
				CLANG_ANALYZER_NUMBER_OBJECT_CONVERSION = YES_AGGRESSIVE;
				CLANG_CXX_LANGUAGE_STANDARD = "gnu++20";
				CLANG_ENABLE_MODULES = YES;
				CLANG_ENABLE_OBJC_ARC = YES;
				CLANG_ENABLE_OBJC_WEAK = YES;
				CLANG_WARN_BLOCK_CAPTURE_AUTORELEASING = YES;
				CLANG_WARN_BOOL_CONVERSION = YES;
				CLANG_WARN_COMMA = YES;
				CLANG_WARN_CONSTANT_CONVERSION = YES;
				CLANG_WARN_DEPRECATED_OBJC_IMPLEMENTATIONS = YES;
				CLANG_WARN_DIRECT_OBJC_ISA_USAGE = YES_ERROR;
				CLANG_WARN_DOCUMENTATION_COMMENTS = YES;
				CLANG_WARN_EMPTY_BODY = YES;
				CLANG_WARN_ENUM_CONVERSION = YES;
				CLANG_WARN_INFINITE_RECURSION = YES;
				CLANG_WARN_INT_CONVERSION = YES;
				CLANG_WARN_NON_LITERAL_NULL_CONVERSION = YES;
				CLANG_WARN_OBJC_IMPLICIT_RETAIN_SELF = YES;
				CLANG_WARN_OBJC_LITERAL_CONVERSION = YES;
				CLANG_WARN_OBJC_ROOT_CLASS = YES_ERROR;
				CLANG_WARN_QUOTED_INCLUDE_IN_FRAMEWORK_HEADER = YES;
				CLANG_WARN_RANGE_LOOP_ANALYSIS = YES;
				CLANG_WARN_STRICT_PROTOTYPES = YES;
				CLANG_WARN_SUSPICIOUS_MOVE = YES;
				CLANG_WARN_UNGUARDED_AVAILABILITY = YES_AGGRESSIVE;
				CLANG_WARN_UNREACHABLE_CODE = YES;
				CLANG_WARN__DUPLICATE_METHOD_MATCH = YES;
				COPY_PHASE_STRIP = NO;
				DEBUG_INFORMATION_FORMAT = dwarf;
				ENABLE_STRICT_OBJC_MSGSEND = YES;
				ENABLE_TESTABILITY = YES;
				ENABLE_USER_SCRIPT_SANDBOXING = YES;
				GCC_C_LANGUAGE_STANDARD = gnu17;
				GCC_DYNAMIC_NO_PIC = NO;
				GCC_NO_COMMON_BLOCKS = YES;
				GCC_OPTIMIZATION_LEVEL = 0;
				GCC_PREPROCESSOR_DEFINITIONS = (
					"DEBUG=1",
					"$(inherited)",
				);
				GCC_WARN_64_TO_32_BIT_CONVERSION = YES;
				GCC_WARN_ABOUT_RETURN_TYPE = YES_ERROR;
				GCC_WARN_UNDECLARED_SELECTOR = YES;
				GCC_WARN_UNINITIALIZED_AUTOS = YES_AGGRESSIVE;
				GCC_WARN_UNUSED_FUNCTION = YES;
				GCC_WARN_UNUSED_VARIABLE = YES;
				IPHONEOS_DEPLOYMENT_TARGET = 17.4;
				LOCALIZATION_PREFERS_STRING_CATALOGS = YES;
				MTL_ENABLE_DEBUG_INFO = INCLUDE_SOURCE;
				MTL_FAST_MATH = YES;
				ONLY_ACTIVE_ARCH = YES;
				SDKROOT = iphoneos;
				SWIFT_ACTIVE_COMPILATION_CONDITIONS = "DEBUG $(inherited)";
				SWIFT_OPTIMIZATION_LEVEL = "-Onone";
			};
			name = Debug;
		};
		6C26DC842BEB5F680007B86A /* Release */ = {
			isa = XCBuildConfiguration;
			buildSettings = {
				ALWAYS_SEARCH_USER_PATHS = NO;
				ASSETCATALOG_COMPILER_GENERATE_SWIFT_ASSET_SYMBOL_EXTENSIONS = YES;
				CLANG_ANALYZER_NONNULL = YES;
				CLANG_ANALYZER_NUMBER_OBJECT_CONVERSION = YES_AGGRESSIVE;
				CLANG_CXX_LANGUAGE_STANDARD = "gnu++20";
				CLANG_ENABLE_MODULES = YES;
				CLANG_ENABLE_OBJC_ARC = YES;
				CLANG_ENABLE_OBJC_WEAK = YES;
				CLANG_WARN_BLOCK_CAPTURE_AUTORELEASING = YES;
				CLANG_WARN_BOOL_CONVERSION = YES;
				CLANG_WARN_COMMA = YES;
				CLANG_WARN_CONSTANT_CONVERSION = YES;
				CLANG_WARN_DEPRECATED_OBJC_IMPLEMENTATIONS = YES;
				CLANG_WARN_DIRECT_OBJC_ISA_USAGE = YES_ERROR;
				CLANG_WARN_DOCUMENTATION_COMMENTS = YES;
				CLANG_WARN_EMPTY_BODY = YES;
				CLANG_WARN_ENUM_CONVERSION = YES;
				CLANG_WARN_INFINITE_RECURSION = YES;
				CLANG_WARN_INT_CONVERSION = YES;
				CLANG_WARN_NON_LITERAL_NULL_CONVERSION = YES;
				CLANG_WARN_OBJC_IMPLICIT_RETAIN_SELF = YES;
				CLANG_WARN_OBJC_LITERAL_CONVERSION = YES;
				CLANG_WARN_OBJC_ROOT_CLASS = YES_ERROR;
				CLANG_WARN_QUOTED_INCLUDE_IN_FRAMEWORK_HEADER = YES;
				CLANG_WARN_RANGE_LOOP_ANALYSIS = YES;
				CLANG_WARN_STRICT_PROTOTYPES = YES;
				CLANG_WARN_SUSPICIOUS_MOVE = YES;
				CLANG_WARN_UNGUARDED_AVAILABILITY = YES_AGGRESSIVE;
				CLANG_WARN_UNREACHABLE_CODE = YES;
				CLANG_WARN__DUPLICATE_METHOD_MATCH = YES;
				COPY_PHASE_STRIP = NO;
				DEBUG_INFORMATION_FORMAT = "dwarf-with-dsym";
				ENABLE_NS_ASSERTIONS = NO;
				ENABLE_STRICT_OBJC_MSGSEND = YES;
				ENABLE_USER_SCRIPT_SANDBOXING = YES;
				GCC_C_LANGUAGE_STANDARD = gnu17;
				GCC_NO_COMMON_BLOCKS = YES;
				GCC_WARN_64_TO_32_BIT_CONVERSION = YES;
				GCC_WARN_ABOUT_RETURN_TYPE = YES_ERROR;
				GCC_WARN_UNDECLARED_SELECTOR = YES;
				GCC_WARN_UNINITIALIZED_AUTOS = YES_AGGRESSIVE;
				GCC_WARN_UNUSED_FUNCTION = YES;
				GCC_WARN_UNUSED_VARIABLE = YES;
				IPHONEOS_DEPLOYMENT_TARGET = 17.4;
				LOCALIZATION_PREFERS_STRING_CATALOGS = YES;
				MTL_ENABLE_DEBUG_INFO = NO;
				MTL_FAST_MATH = YES;
				SDKROOT = iphoneos;
				SWIFT_COMPILATION_MODE = wholemodule;
				VALIDATE_PRODUCT = YES;
			};
			name = Release;
		};
		6C26DC862BEB5F680007B86A /* Debug */ = {
			isa = XCBuildConfiguration;
			buildSettings = {
				ASSETCATALOG_COMPILER_APPICON_NAME = AppIcon;
				ASSETCATALOG_COMPILER_GLOBAL_ACCENT_COLOR_NAME = AccentColor;
				CODE_SIGN_STYLE = Automatic;
				CURRENT_PROJECT_VERSION = 1;
				GENERATE_INFOPLIST_FILE = YES;
				INFOPLIST_FILE = MovieSearchApp/Info.plist;
				INFOPLIST_KEY_UIApplicationSupportsIndirectInputEvents = YES;
				INFOPLIST_KEY_UILaunchStoryboardName = LaunchScreen;
				INFOPLIST_KEY_UIMainStoryboardFile = Main;
				INFOPLIST_KEY_UISupportedInterfaceOrientations_iPad = "UIInterfaceOrientationPortrait UIInterfaceOrientationPortraitUpsideDown UIInterfaceOrientationLandscapeLeft UIInterfaceOrientationLandscapeRight";
				INFOPLIST_KEY_UISupportedInterfaceOrientations_iPhone = "UIInterfaceOrientationPortrait UIInterfaceOrientationLandscapeLeft UIInterfaceOrientationLandscapeRight";
				LD_RUNPATH_SEARCH_PATHS = (
					"$(inherited)",
					"@executable_path/Frameworks",
				);
				MARKETING_VERSION = 1.0;
				PRODUCT_BUNDLE_IDENTIFIER = com.leo.MovieSearchApp;
				PRODUCT_NAME = "$(TARGET_NAME)";
				SWIFT_EMIT_LOC_STRINGS = YES;
				SWIFT_VERSION = 5.0;
				TARGETED_DEVICE_FAMILY = "1,2";
			};
			name = Debug;
		};
		6C26DC872BEB5F680007B86A /* Release */ = {
			isa = XCBuildConfiguration;
			buildSettings = {
				ASSETCATALOG_COMPILER_APPICON_NAME = AppIcon;
				ASSETCATALOG_COMPILER_GLOBAL_ACCENT_COLOR_NAME = AccentColor;
				CODE_SIGN_STYLE = Automatic;
				CURRENT_PROJECT_VERSION = 1;
				GENERATE_INFOPLIST_FILE = YES;
				INFOPLIST_FILE = MovieSearchApp/Info.plist;
				INFOPLIST_KEY_UIApplicationSupportsIndirectInputEvents = YES;
				INFOPLIST_KEY_UILaunchStoryboardName = LaunchScreen;
				INFOPLIST_KEY_UIMainStoryboardFile = Main;
				INFOPLIST_KEY_UISupportedInterfaceOrientations_iPad = "UIInterfaceOrientationPortrait UIInterfaceOrientationPortraitUpsideDown UIInterfaceOrientationLandscapeLeft UIInterfaceOrientationLandscapeRight";
				INFOPLIST_KEY_UISupportedInterfaceOrientations_iPhone = "UIInterfaceOrientationPortrait UIInterfaceOrientationLandscapeLeft UIInterfaceOrientationLandscapeRight";
				LD_RUNPATH_SEARCH_PATHS = (
					"$(inherited)",
					"@executable_path/Frameworks",
				);
				MARKETING_VERSION = 1.0;
				PRODUCT_BUNDLE_IDENTIFIER = com.leo.MovieSearchApp;
				PRODUCT_NAME = "$(TARGET_NAME)";
				SWIFT_EMIT_LOC_STRINGS = YES;
				SWIFT_VERSION = 5.0;
				TARGETED_DEVICE_FAMILY = "1,2";
			};
			name = Release;
		};
/* End XCBuildConfiguration section */

/* Begin XCConfigurationList section */
		6C26DC6C2BEB5F670007B86A /* Build configuration list for PBXProject "MovieSearchApp" */ = {
			isa = XCConfigurationList;
			buildConfigurations = (
				6C26DC832BEB5F680007B86A /* Debug */,
				6C26DC842BEB5F680007B86A /* Release */,
			);
			defaultConfigurationIsVisible = 0;
			defaultConfigurationName = Release;
		};
		6C26DC852BEB5F680007B86A /* Build configuration list for PBXNativeTarget "MovieSearchApp" */ = {
			isa = XCConfigurationList;
			buildConfigurations = (
				6C26DC862BEB5F680007B86A /* Debug */,
				6C26DC872BEB5F680007B86A /* Release */,
			);
			defaultConfigurationIsVisible = 0;
			defaultConfigurationName = Release;
		};
/* End XCConfigurationList section */
	};
	rootObject = 6C26DC692BEB5F670007B86A /* Project object */;
}
